
Microsoft Visual Studio Solution File, Format Version 12.00
# Visual Studio Version 17
VisualStudioVersion = 17.7.34031.279
MinimumVisualStudioVersion = 10.0.40219.1
Project("{FAE04EC0-301F-11D3-BF4B-00C04F79EFBC}") = "HotelReservationSystem", "HotelReservationSystem.csproj", "{5DE0AB63-0577-47EA-BB3E-03A3BE737F6B}"
EndProject
Global
	GlobalSection(SolutionConfigurationPlatforms) = preSolution
		Debug|Any CPU = Debug|Any CPU
		Release|Any CPU = Release|Any CPU
	EndGlobalSection
	GlobalSection(ProjectConfigurationPlatforms) = postSolution
		{5DE0AB63-0577-47EA-BB3E-03A3BE737F6B}.Debug|Any CPU.ActiveCfg = Debug|Any CPU
		{5DE0AB63-0577-47EA-BB3E-03A3BE737F6B}.Debug|Any CPU.Build.0 = Debug|Any CPU
		{5DE0AB63-0577-47EA-BB3E-03A3BE737F6B}.Release|Any CPU.ActiveCfg = Release|Any CPU
		{5DE0AB63-0577-47EA-BB3E-03A3BE737F6B}.Release|Any CPU.Build.0 = Release|Any CPU
	EndGlobalSection
	GlobalSection(SolutionProperties) = preSolution
		HideSolutionNode = FALSE
	EndGlobalSection
	GlobalSection(ExtensibilityGlobals) = postSolution
		SolutionGuid = {FBC29F15-7026-4DD2-A853-2C8C4B47C376}
	EndGlobalSection
EndGlobal
